// !$*UTF8*$!
{
	archiveVersion = 1;
	classes = {
	};
	objectVersion = 77;
	objects = {

/* Begin PBXBuildFile section */
		92CF459F2E51DFC900FAF67F /* Common in Frameworks */ = {isa = PBXBuildFile; productRef = 92CF459E2E51DFC900FAF67F /* Common */; };
		92CF45BD2E51F6E900FAF67F /* Swinject in Frameworks */ = {isa = PBXBuildFile; productRef = 92CF45BC2E51F6E900FAF67F /* Swinject */; };
/* End PBXBuildFile section */

/* Begin PBXContainerItemProxy section */
		92CF45452E4F4EAA00FAF67F /* PBXContainerItemProxy */ = {
			isa = PBXContainerItemProxy;
			containerPortal = 92CF452F2E4F4EA900FAF67F /* Project object */;
			proxyType = 1;
			remoteGlobalIDString = 92CF45362E4F4EA900FAF67F;
			remoteInfo = "HYLASTIX Fridge";
		};
		92CF454F2E4F4EAA00FAF67F /* PBXContainerItemProxy */ = {
			isa = PBXContainerItemProxy;
			containerPortal = 92CF452F2E4F4EA900FAF67F /* Project object */;
			proxyType = 1;
			remoteGlobalIDString = 92CF45362E4F4EA900FAF67F;
			remoteInfo = "HYLASTIX Fridge";
		};
/* End PBXContainerItemProxy section */

/* Begin PBXFileReference section */
		92CF45372E4F4EA900FAF67F /* HYLASTIX Fridge.app */ = {isa = PBXFileReference; explicitFileType = wrapper.application; includeInIndex = 0; path = "HYLASTIX Fridge.app"; sourceTree = BUILT_PRODUCTS_DIR; };
		92CF45442E4F4EAA00FAF67F /* HYLASTIX FridgeTests.xctest */ = {isa = PBXFileReference; explicitFileType = wrapper.cfbundle; includeInIndex = 0; path = "HYLASTIX FridgeTests.xctest"; sourceTree = BUILT_PRODUCTS_DIR; };
		92CF454E2E4F4EAA00FAF67F /* HYLASTIX FridgeUITests.xctest */ = {isa = PBXFileReference; explicitFileType = wrapper.cfbundle; includeInIndex = 0; path = "HYLASTIX FridgeUITests.xctest"; sourceTree = BUILT_PRODUCTS_DIR; };
		92CF457D2E4F587800FAF67F /* Common */ = {isa = PBXFileReference; lastKnownFileType = wrapper; path = Common; sourceTree = "<group>"; };
/* End PBXFileReference section */

/* Begin PBXFileSystemSynchronizedBuildFileExceptionSet section */
		924A17F32E5DCC83003AADA6 /* Exceptions for "HYLASTIX Fridge" folder in "HYLASTIX FridgeTests" target */ = {
			isa = PBXFileSystemSynchronizedBuildFileExceptionSet;
			membershipExceptions = (
				Core/Controllers/FridgeService.swift,
				Core/CoreData/Data/Entities/FridgeItemEntity.swift,
				Core/CoreData/Data/Entities/FridgeItemTypeEntity.swift,
				Core/Models/FridgeItemModel.swift,
			);
			target = 92CF45432E4F4EAA00FAF67F /* HYLASTIX FridgeTests */;
		};
/* End PBXFileSystemSynchronizedBuildFileExceptionSet section */

/* Begin PBXFileSystemSynchronizedRootGroup section */
		92CF45392E4F4EA900FAF67F /* HYLASTIX Fridge */ = {
			isa = PBXFileSystemSynchronizedRootGroup;
			exceptions = (
				924A17F32E5DCC83003AADA6 /* Exceptions for "HYLASTIX Fridge" folder in "HYLASTIX FridgeTests" target */,
			);
			path = "HYLASTIX Fridge";
			sourceTree = "<group>";
		};
		92CF45472E4F4EAA00FAF67F /* HYLASTIX FridgeTests */ = {
			isa = PBXFileSystemSynchronizedRootGroup;
			path = "HYLASTIX FridgeTests";
			sourceTree = "<group>";
		};
		92CF45512E4F4EAA00FAF67F /* HYLASTIX FridgeUITests */ = {
			isa = PBXFileSystemSynchronizedRootGroup;
			path = "HYLASTIX FridgeUITests";
			sourceTree = "<group>";
		};
/* End PBXFileSystemSynchronizedRootGroup section */

/* Begin PBXFrameworksBuildPhase section */
		92CF45342E4F4EA900FAF67F /* Frameworks */ = {
			isa = PBXFrameworksBuildPhase;
			buildActionMask = 2147483647;
			files = (
				92CF459F2E51DFC900FAF67F /* Common in Frameworks */,
				92CF45BD2E51F6E900FAF67F /* Swinject in Frameworks */,
			);
			runOnlyForDeploymentPostprocessing = 0;
		};
		92CF45412E4F4EAA00FAF67F /* Frameworks */ = {
			isa = PBXFrameworksBuildPhase;
			buildActionMask = 2147483647;
			files = (
			);
			runOnlyForDeploymentPostprocessing = 0;
		};
		92CF454B2E4F4EAA00FAF67F /* Frameworks */ = {
			isa = PBXFrameworksBuildPhase;
			buildActionMask = 2147483647;
			files = (
			);
			runOnlyForDeploymentPostprocessing = 0;
		};
/* End PBXFrameworksBuildPhase section */

/* Begin PBXGroup section */
		92CF452E2E4F4EA900FAF67F = {
			isa = PBXGroup;
			children = (
				92CF457D2E4F587800FAF67F /* Common */,
				92CF45392E4F4EA900FAF67F /* HYLASTIX Fridge */,
				92CF45472E4F4EAA00FAF67F /* HYLASTIX FridgeTests */,
				92CF45512E4F4EAA00FAF67F /* HYLASTIX FridgeUITests */,
				92CF457E2E51CC6100FAF67F /* Frameworks */,
				92CF45382E4F4EA900FAF67F /* Products */,
			);
			sourceTree = "<group>";
		};
		92CF45382E4F4EA900FAF67F /* Products */ = {
			isa = PBXGroup;
			children = (
				92CF45372E4F4EA900FAF67F /* HYLASTIX Fridge.app */,
				92CF45442E4F4EAA00FAF67F /* HYLASTIX FridgeTests.xctest */,
				92CF454E2E4F4EAA00FAF67F /* HYLASTIX FridgeUITests.xctest */,
			);
			name = Products;
			sourceTree = "<group>";
		};
		92CF457E2E51CC6100FAF67F /* Frameworks */ = {
			isa = PBXGroup;
			children = (
			);
			name = Frameworks;
			sourceTree = "<group>";
		};
/* End PBXGroup section */

/* Begin PBXNativeTarget section */
		92CF45362E4F4EA900FAF67F /* HYLASTIX Fridge */ = {
			isa = PBXNativeTarget;
			buildConfigurationList = 92CF45582E4F4EAA00FAF67F /* Build configuration list for PBXNativeTarget "HYLASTIX Fridge" */;
			buildPhases = (
				92CF45332E4F4EA900FAF67F /* Sources */,
				92CF45342E4F4EA900FAF67F /* Frameworks */,
				92CF45352E4F4EA900FAF67F /* Resources */,
			);
			buildRules = (
			);
			dependencies = (
			);
			fileSystemSynchronizedGroups = (
				92CF45392E4F4EA900FAF67F /* HYLASTIX Fridge */,
			);
			name = "HYLASTIX Fridge";
			packageProductDependencies = (
				92CF457F2E51CC6100FAF67F /* Common */,
				92CF459E2E51DFC900FAF67F /* Common */,
				92CF45BC2E51F6E900FAF67F /* Swinject */,
			);
			productName = "HYLASTIX Fridge";
			productReference = 92CF45372E4F4EA900FAF67F /* HYLASTIX Fridge.app */;
			productType = "com.apple.product-type.application";
		};
		92CF45432E4F4EAA00FAF67F /* HYLASTIX FridgeTests */ = {
			isa = PBXNativeTarget;
			buildConfigurationList = 92CF455B2E4F4EAA00FAF67F /* Build configuration list for PBXNativeTarget "HYLASTIX FridgeTests" */;
			buildPhases = (
				92CF45402E4F4EAA00FAF67F /* Sources */,
				92CF45412E4F4EAA00FAF67F /* Frameworks */,
				92CF45422E4F4EAA00FAF67F /* Resources */,
			);
			buildRules = (
			);
			dependencies = (
				92CF45462E4F4EAA00FAF67F /* PBXTargetDependency */,
			);
			fileSystemSynchronizedGroups = (
				92CF45472E4F4EAA00FAF67F /* HYLASTIX FridgeTests */,
			);
			name = "HYLASTIX FridgeTests";
			packageProductDependencies = (
			);
			productName = "HYLASTIX FridgeTests";
			productReference = 92CF45442E4F4EAA00FAF67F /* HYLASTIX FridgeTests.xctest */;
			productType = "com.apple.product-type.bundle.unit-test";
		};
		92CF454D2E4F4EAA00FAF67F /* HYLASTIX FridgeUITests */ = {
			isa = PBXNativeTarget;
			buildConfigurationList = 92CF455E2E4F4EAA00FAF67F /* Build configuration list for PBXNativeTarget "HYLASTIX FridgeUITests" */;
			buildPhases = (
				92CF454A2E4F4EAA00FAF67F /* Sources */,
				92CF454B2E4F4EAA00FAF67F /* Frameworks */,
				92CF454C2E4F4EAA00FAF67F /* Resources */,
			);
			buildRules = (
			);
			dependencies = (
				92CF45502E4F4EAA00FAF67F /* PBXTargetDependency */,
			);
			fileSystemSynchronizedGroups = (
				92CF45512E4F4EAA00FAF67F /* HYLASTIX FridgeUITests */,
			);
			name = "HYLASTIX FridgeUITests";
			packageProductDependencies = (
			);
			productName = "HYLASTIX FridgeUITests";
			productReference = 92CF454E2E4F4EAA00FAF67F /* HYLASTIX FridgeUITests.xctest */;
			productType = "com.apple.product-type.bundle.ui-testing";
		};
/* End PBXNativeTarget section */

/* Begin PBXProject section */
		92CF452F2E4F4EA900FAF67F /* Project object */ = {
			isa = PBXProject;
			attributes = {
				BuildIndependentTargetsInParallel = 1;
				LastSwiftUpdateCheck = 1630;
				LastUpgradeCheck = 1630;
				TargetAttributes = {
					92CF45362E4F4EA900FAF67F = {
						CreatedOnToolsVersion = 16.3;
					};
					92CF45432E4F4EAA00FAF67F = {
						CreatedOnToolsVersion = 16.3;
						TestTargetID = 92CF45362E4F4EA900FAF67F;
					};
					92CF454D2E4F4EAA00FAF67F = {
						CreatedOnToolsVersion = 16.3;
						TestTargetID = 92CF45362E4F4EA900FAF67F;
					};
				};
			};
			buildConfigurationList = 92CF45322E4F4EA900FAF67F /* Build configuration list for PBXProject "HYLASTIX Fridge" */;
			developmentRegion = en;
			hasScannedForEncodings = 0;
			knownRegions = (
				en,
				Base,
			);
			mainGroup = 92CF452E2E4F4EA900FAF67F;
			minimizedProjectReferenceProxies = 1;
			packageReferences = (
				92CF459D2E51DFC900FAF67F /* XCLocalSwiftPackageReference "Common" */,
				92CF45BB2E51F6E900FAF67F /* XCRemoteSwiftPackageReference "Swinject" */,
			);
			preferredProjectObjectVersion = 77;
			productRefGroup = 92CF45382E4F4EA900FAF67F /* Products */;
			projectDirPath = "";
			projectRoot = "";
			targets = (
				92CF45362E4F4EA900FAF67F /* HYLASTIX Fridge */,
				92CF45432E4F4EAA00FAF67F /* HYLASTIX FridgeTests */,
				92CF454D2E4F4EAA00FAF67F /* HYLASTIX FridgeUITests */,
			);
		};
/* End PBXProject section */

/* Begin PBXResourcesBuildPhase section */
		92CF45352E4F4EA900FAF67F /* Resources */ = {
			isa = PBXResourcesBuildPhase;
			buildActionMask = 2147483647;
			files = (
			);
			runOnlyForDeploymentPostprocessing = 0;
		};
		92CF45422E4F4EAA00FAF67F /* Resources */ = {
			isa = PBXResourcesBuildPhase;
			buildActionMask = 2147483647;
			files = (
			);
			runOnlyForDeploymentPostprocessing = 0;
		};
		92CF454C2E4F4EAA00FAF67F /* Resources */ = {
			isa = PBXResourcesBuildPhase;
			buildActionMask = 2147483647;
			files = (
			);
			runOnlyForDeploymentPostprocessing = 0;
		};
/* End PBXResourcesBuildPhase section */

/* Begin PBXSourcesBuildPhase section */
		92CF45332E4F4EA900FAF67F /* Sources */ = {
			isa = PBXSourcesBuildPhase;
			buildActionMask = 2147483647;
			files = (
			);
			runOnlyForDeploymentPostprocessing = 0;
		};
		92CF45402E4F4EAA00FAF67F /* Sources */ = {
			isa = PBXSourcesBuildPhase;
			buildActionMask = 2147483647;
			files = (
			);
			runOnlyForDeploymentPostprocessing = 0;
		};
		92CF454A2E4F4EAA00FAF67F /* Sources */ = {
			isa = PBXSourcesBuildPhase;
			buildActionMask = 2147483647;
			files = (
			);
			runOnlyForDeploymentPostprocessing = 0;
		};
/* End PBXSourcesBuildPhase section */

/* Begin PBXTargetDependency section */
		92CF45462E4F4EAA00FAF67F /* PBXTargetDependency */ = {
			isa = PBXTargetDependency;
			target = 92CF45362E4F4EA900FAF67F /* HYLASTIX Fridge */;
			targetProxy = 92CF45452E4F4EAA00FAF67F /* PBXContainerItemProxy */;
		};
		92CF45502E4F4EAA00FAF67F /* PBXTargetDependency */ = {
			isa = PBXTargetDependency;
			target = 92CF45362E4F4EA900FAF67F /* HYLASTIX Fridge */;
			targetProxy = 92CF454F2E4F4EAA00FAF67F /* PBXContainerItemProxy */;
		};
/* End PBXTargetDependency section */

/* Begin XCBuildConfiguration section */
		92CF45562E4F4EAA00FAF67F /* Debug */ = {
			isa = XCBuildConfiguration;
			buildSettings = {
				ALWAYS_SEARCH_USER_PATHS = NO;
				ASSETCATALOG_COMPILER_GENERATE_SWIFT_ASSET_SYMBOL_EXTENSIONS = YES;
				CLANG_ANALYZER_NONNULL = YES;
				CLANG_ANALYZER_NUMBER_OBJECT_CONVERSION = YES_AGGRESSIVE;
				CLANG_CXX_LANGUAGE_STANDARD = "gnu++20";
				CLANG_ENABLE_MODULES = YES;
				CLANG_ENABLE_OBJC_ARC = YES;
				CLANG_ENABLE_OBJC_WEAK = YES;
				CLANG_WARN_BLOCK_CAPTURE_AUTORELEASING = YES;
				CLANG_WARN_BOOL_CONVERSION = YES;
				CLANG_WARN_COMMA = YES;
				CLANG_WARN_CONSTANT_CONVERSION = YES;
				CLANG_WARN_DEPRECATED_OBJC_IMPLEMENTATIONS = YES;
				CLANG_WARN_DIRECT_OBJC_ISA_USAGE = YES_ERROR;
				CLANG_WARN_DOCUMENTATION_COMMENTS = YES;
				CLANG_WARN_EMPTY_BODY = YES;
				CLANG_WARN_ENUM_CONVERSION = YES;
				CLANG_WARN_INFINITE_RECURSION = YES;
				CLANG_WARN_INT_CONVERSION = YES;
				CLANG_WARN_NON_LITERAL_NULL_CONVERSION = YES;
				CLANG_WARN_OBJC_IMPLICIT_RETAIN_SELF = YES;
				CLANG_WARN_OBJC_LITERAL_CONVERSION = YES;
				CLANG_WARN_OBJC_ROOT_CLASS = YES_ERROR;
				CLANG_WARN_QUOTED_INCLUDE_IN_FRAMEWORK_HEADER = YES;
				CLANG_WARN_RANGE_LOOP_ANALYSIS = YES;
				CLANG_WARN_STRICT_PROTOTYPES = YES;
				CLANG_WARN_SUSPICIOUS_MOVE = YES;
				CLANG_WARN_UNGUARDED_AVAILABILITY = YES_AGGRESSIVE;
				CLANG_WARN_UNREACHABLE_CODE = YES;
				CLANG_WARN__DUPLICATE_METHOD_MATCH = YES;
				COPY_PHASE_STRIP = NO;
				DEBUG_INFORMATION_FORMAT = dwarf;
				DEVELOPMENT_TEAM = 65NSMT4RP2;
				ENABLE_STRICT_OBJC_MSGSEND = YES;
				ENABLE_TESTABILITY = YES;
				ENABLE_USER_SCRIPT_SANDBOXING = YES;
				GCC_C_LANGUAGE_STANDARD = gnu17;
				GCC_DYNAMIC_NO_PIC = NO;
				GCC_NO_COMMON_BLOCKS = YES;
				GCC_OPTIMIZATION_LEVEL = 0;
				GCC_PREPROCESSOR_DEFINITIONS = (
					"DEBUG=1",
					"$(inherited)",
				);
				GCC_WARN_64_TO_32_BIT_CONVERSION = YES;
				GCC_WARN_ABOUT_RETURN_TYPE = YES_ERROR;
				GCC_WARN_UNDECLARED_SELECTOR = YES;
				GCC_WARN_UNINITIALIZED_AUTOS = YES_AGGRESSIVE;
				GCC_WARN_UNUSED_FUNCTION = YES;
				GCC_WARN_UNUSED_VARIABLE = YES;
				IPHONEOS_DEPLOYMENT_TARGET = 18.4;
				LOCALIZATION_PREFERS_STRING_CATALOGS = YES;
				MTL_ENABLE_DEBUG_INFO = INCLUDE_SOURCE;
				MTL_FAST_MATH = YES;
				ONLY_ACTIVE_ARCH = YES;
				SDKROOT = iphoneos;
				SWIFT_ACTIVE_COMPILATION_CONDITIONS = "DEBUG $(inherited)";
				SWIFT_OPTIMIZATION_LEVEL = "-Onone";
			};
			name = Debug;
		};
		92CF45572E4F4EAA00FAF67F /* Release */ = {
			isa = XCBuildConfiguration;
			buildSettings = {
				ALWAYS_SEARCH_USER_PATHS = NO;
				ASSETCATALOG_COMPILER_GENERATE_SWIFT_ASSET_SYMBOL_EXTENSIONS = YES;
				CLANG_ANALYZER_NONNULL = YES;
				CLANG_ANALYZER_NUMBER_OBJECT_CONVERSION = YES_AGGRESSIVE;
				CLANG_CXX_LANGUAGE_STANDARD = "gnu++20";
				CLANG_ENABLE_MODULES = YES;
				CLANG_ENABLE_OBJC_ARC = YES;
				CLANG_ENABLE_OBJC_WEAK = YES;
				CLANG_WARN_BLOCK_CAPTURE_AUTORELEASING = YES;
				CLANG_WARN_BOOL_CONVERSION = YES;
				CLANG_WARN_COMMA = YES;
				CLANG_WARN_CONSTANT_CONVERSION = YES;
				CLANG_WARN_DEPRECATED_OBJC_IMPLEMENTATIONS = YES;
				CLANG_WARN_DIRECT_OBJC_ISA_USAGE = YES_ERROR;
				CLANG_WARN_DOCUMENTATION_COMMENTS = YES;
				CLANG_WARN_EMPTY_BODY = YES;
				CLANG_WARN_ENUM_CONVERSION = YES;
				CLANG_WARN_INFINITE_RECURSION = YES;
				CLANG_WARN_INT_CONVERSION = YES;
				CLANG_WARN_NON_LITERAL_NULL_CONVERSION = YES;
				CLANG_WARN_OBJC_IMPLICIT_RETAIN_SELF = YES;
				CLANG_WARN_OBJC_LITERAL_CONVERSION = YES;
				CLANG_WARN_OBJC_ROOT_CLASS = YES_ERROR;
				CLANG_WARN_QUOTED_INCLUDE_IN_FRAMEWORK_HEADER = YES;
				CLANG_WARN_RANGE_LOOP_ANALYSIS = YES;
				CLANG_WARN_STRICT_PROTOTYPES = YES;
				CLANG_WARN_SUSPICIOUS_MOVE = YES;
				CLANG_WARN_UNGUARDED_AVAILABILITY = YES_AGGRESSIVE;
				CLANG_WARN_UNREACHABLE_CODE = YES;
				CLANG_WARN__DUPLICATE_METHOD_MATCH = YES;
				COPY_PHASE_STRIP = NO;
				DEBUG_INFORMATION_FORMAT = "dwarf-with-dsym";
				DEVELOPMENT_TEAM = 65NSMT4RP2;
				ENABLE_NS_ASSERTIONS = NO;
				ENABLE_STRICT_OBJC_MSGSEND = YES;
				ENABLE_USER_SCRIPT_SANDBOXING = YES;
				GCC_C_LANGUAGE_STANDARD = gnu17;
				GCC_NO_COMMON_BLOCKS = YES;
				GCC_WARN_64_TO_32_BIT_CONVERSION = YES;
				GCC_WARN_ABOUT_RETURN_TYPE = YES_ERROR;
				GCC_WARN_UNDECLARED_SELECTOR = YES;
				GCC_WARN_UNINITIALIZED_AUTOS = YES_AGGRESSIVE;
				GCC_WARN_UNUSED_FUNCTION = YES;
				GCC_WARN_UNUSED_VARIABLE = YES;
				IPHONEOS_DEPLOYMENT_TARGET = 18.4;
				LOCALIZATION_PREFERS_STRING_CATALOGS = YES;
				MTL_ENABLE_DEBUG_INFO = NO;
				MTL_FAST_MATH = YES;
				SDKROOT = iphoneos;
				SWIFT_COMPILATION_MODE = wholemodule;
				VALIDATE_PRODUCT = YES;
			};
			name = Release;
		};
		92CF45592E4F4EAA00FAF67F /* Debug */ = {
			isa = XCBuildConfiguration;
			buildSettings = {
				ASSETCATALOG_COMPILER_APPICON_NAME = AppIcon;
				ASSETCATALOG_COMPILER_GLOBAL_ACCENT_COLOR_NAME = AccentColor;
				CODE_SIGN_STYLE = Automatic;
				CURRENT_PROJECT_VERSION = 1;
				DEVELOPMENT_TEAM = 65NSMT4RP2;
				ENABLE_PREVIEWS = YES;
				GENERATE_INFOPLIST_FILE = YES;
				INFOPLIST_FILE = "HYLASTIX-Fridge-Info.plist";
				INFOPLIST_KEY_UIApplicationSceneManifest_Generation = YES;
				INFOPLIST_KEY_UIApplicationSupportsIndirectInputEvents = YES;
				INFOPLIST_KEY_UILaunchScreen_Generation = YES;
				INFOPLIST_KEY_UISupportedInterfaceOrientations_iPad = "UIInterfaceOrientationPortrait UIInterfaceOrientationPortraitUpsideDown UIInterfaceOrientationLandscapeLeft UIInterfaceOrientationLandscapeRight";
				INFOPLIST_KEY_UISupportedInterfaceOrientations_iPhone = "UIInterfaceOrientationPortrait UIInterfaceOrientationLandscapeLeft UIInterfaceOrientationLandscapeRight";
				LD_RUNPATH_SEARCH_PATHS = (
					"$(inherited)",
					"@executable_path/Frameworks",
				);
				MARKETING_VERSION = 1.0;
				PRODUCT_BUNDLE_IDENTIFIER = "com.hylastix.vladimirserdar.HYLASTIX-Fridge";
				PRODUCT_NAME = "$(TARGET_NAME)";
				SWIFT_EMIT_LOC_STRINGS = YES;
				SWIFT_VERSION = 5.0;
				TARGETED_DEVICE_FAMILY = "1,2";
			};
			name = Debug;
		};
		92CF455A2E4F4EAA00FAF67F /* Release */ = {
			isa = XCBuildConfiguration;
			buildSettings = {
				ASSETCATALOG_COMPILER_APPICON_NAME = AppIcon;
				ASSETCATALOG_COMPILER_GLOBAL_ACCENT_COLOR_NAME = AccentColor;
				CODE_SIGN_STYLE = Automatic;
				CURRENT_PROJECT_VERSION = 1;
				DEVELOPMENT_TEAM = 65NSMT4RP2;
				ENABLE_PREVIEWS = YES;
				GENERATE_INFOPLIST_FILE = YES;
				INFOPLIST_FILE = "HYLASTIX-Fridge-Info.plist";
				INFOPLIST_KEY_UIApplicationSceneManifest_Generation = YES;
				INFOPLIST_KEY_UIApplicationSupportsIndirectInputEvents = YES;
				INFOPLIST_KEY_UILaunchScreen_Generation = YES;
				INFOPLIST_KEY_UISupportedInterfaceOrientations_iPad = "UIInterfaceOrientationPortrait UIInterfaceOrientationPortraitUpsideDown UIInterfaceOrientationLandscapeLeft UIInterfaceOrientationLandscapeRight";
				INFOPLIST_KEY_UISupportedInterfaceOrientations_iPhone = "UIInterfaceOrientationPortrait UIInterfaceOrientationLandscapeLeft UIInterfaceOrientationLandscapeRight";
				LD_RUNPATH_SEARCH_PATHS = (
					"$(inherited)",
					"@executable_path/Frameworks",
				);
				MARKETING_VERSION = 1.0;
				PRODUCT_BUNDLE_IDENTIFIER = "com.hylastix.vladimirserdar.HYLASTIX-Fridge";
				PRODUCT_NAME = "$(TARGET_NAME)";
				SWIFT_EMIT_LOC_STRINGS = YES;
				SWIFT_VERSION = 5.0;
				TARGETED_DEVICE_FAMILY = "1,2";
			};
			name = Release;
		};
		92CF455C2E4F4EAA00FAF67F /* Debug */ = {
			isa = XCBuildConfiguration;
			buildSettings = {
				BUNDLE_LOADER = "$(TEST_HOST)";
				CODE_SIGN_STYLE = Automatic;
				CURRENT_PROJECT_VERSION = 1;
				DEVELOPMENT_TEAM = 65NSMT4RP2;
				GENERATE_INFOPLIST_FILE = YES;
				IPHONEOS_DEPLOYMENT_TARGET = 18.4;
				MARKETING_VERSION = 1.0;
				PRODUCT_BUNDLE_IDENTIFIER = "com.hylastix.vladimirserdar.HYLASTIX-FridgeTests";
				PRODUCT_NAME = "$(TARGET_NAME)";
				SWIFT_EMIT_LOC_STRINGS = NO;
				SWIFT_VERSION = 5.0;
				TARGETED_DEVICE_FAMILY = "1,2";
				TEST_HOST = "$(BUILT_PRODUCTS_DIR)/HYLASTIX Fridge.app/$(BUNDLE_EXECUTABLE_FOLDER_PATH)/HYLASTIX Fridge";
			};
			name = Debug;
		};
		92CF455D2E4F4EAA00FAF67F /* Release */ = {
			isa = XCBuildConfiguration;
			buildSettings = {
				BUNDLE_LOADER = "$(TEST_HOST)";
				CODE_SIGN_STYLE = Automatic;
				CURRENT_PROJECT_VERSION = 1;
				DEVELOPMENT_TEAM = 65NSMT4RP2;
				GENERATE_INFOPLIST_FILE = YES;
				IPHONEOS_DEPLOYMENT_TARGET = 18.4;
				MARKETING_VERSION = 1.0;
				PRODUCT_BUNDLE_IDENTIFIER = "com.hylastix.vladimirserdar.HYLASTIX-FridgeTests";
				PRODUCT_NAME = "$(TARGET_NAME)";
				SWIFT_EMIT_LOC_STRINGS = NO;
				SWIFT_VERSION = 5.0;
				TARGETED_DEVICE_FAMILY = "1,2";
				TEST_HOST = "$(BUILT_PRODUCTS_DIR)/HYLASTIX Fridge.app/$(BUNDLE_EXECUTABLE_FOLDER_PATH)/HYLASTIX Fridge";
			};
			name = Release;
		};
		92CF455F2E4F4EAA00FAF67F /* Debug */ = {
			isa = XCBuildConfiguration;
			buildSettings = {
				CODE_SIGN_STYLE = Automatic;
				CURRENT_PROJECT_VERSION = 1;
				DEVELOPMENT_TEAM = 65NSMT4RP2;
				GENERATE_INFOPLIST_FILE = YES;
				MARKETING_VERSION = 1.0;
				PRODUCT_BUNDLE_IDENTIFIER = "com.hylastix.vladimirserdar.HYLASTIX-FridgeUITests";
				PRODUCT_NAME = "$(TARGET_NAME)";
				SWIFT_EMIT_LOC_STRINGS = NO;
				SWIFT_VERSION = 5.0;
				TARGETED_DEVICE_FAMILY = "1,2";
				TEST_TARGET_NAME = "HYLASTIX Fridge";
			};
			name = Debug;
		};
		92CF45602E4F4EAA00FAF67F /* Release */ = {
			isa = XCBuildConfiguration;
			buildSettings = {
				CODE_SIGN_STYLE = Automatic;
				CURRENT_PROJECT_VERSION = 1;
				DEVELOPMENT_TEAM = 65NSMT4RP2;
				GENERATE_INFOPLIST_FILE = YES;
				MARKETING_VERSION = 1.0;
				PRODUCT_BUNDLE_IDENTIFIER = "com.hylastix.vladimirserdar.HYLASTIX-FridgeUITests";
				PRODUCT_NAME = "$(TARGET_NAME)";
				SWIFT_EMIT_LOC_STRINGS = NO;
				SWIFT_VERSION = 5.0;
				TARGETED_DEVICE_FAMILY = "1,2";
				TEST_TARGET_NAME = "HYLASTIX Fridge";
			};
			name = Release;
		};
/* End XCBuildConfiguration section */

/* Begin XCConfigurationList section */
		92CF45322E4F4EA900FAF67F /* Build configuration list for PBXProject "HYLASTIX Fridge" */ = {
			isa = XCConfigurationList;
			buildConfigurations = (
				92CF45562E4F4EAA00FAF67F /* Debug */,
				92CF45572E4F4EAA00FAF67F /* Release */,
			);
			defaultConfigurationIsVisible = 0;
			defaultConfigurationName = Release;
		};
		92CF45582E4F4EAA00FAF67F /* Build configuration list for PBXNativeTarget "HYLASTIX Fridge" */ = {
			isa = XCConfigurationList;
			buildConfigurations = (
				92CF45592E4F4EAA00FAF67F /* Debug */,
				92CF455A2E4F4EAA00FAF67F /* Release */,
			);
			defaultConfigurationIsVisible = 0;
			defaultConfigurationName = Release;
		};
		92CF455B2E4F4EAA00FAF67F /* Build configuration list for PBXNativeTarget "HYLASTIX FridgeTests" */ = {
			isa = XCConfigurationList;
			buildConfigurations = (
				92CF455C2E4F4EAA00FAF67F /* Debug */,
				92CF455D2E4F4EAA00FAF67F /* Release */,
			);
			defaultConfigurationIsVisible = 0;
			defaultConfigurationName = Release;
		};
		92CF455E2E4F4EAA00FAF67F /* Build configuration list for PBXNativeTarget "HYLASTIX FridgeUITests" */ = {
			isa = XCConfigurationList;
			buildConfigurations = (
				92CF455F2E4F4EAA00FAF67F /* Debug */,
				92CF45602E4F4EAA00FAF67F /* Release */,
			);
			defaultConfigurationIsVisible = 0;
			defaultConfigurationName = Release;
		};
/* End XCConfigurationList section */

/* Begin XCLocalSwiftPackageReference section */
		92CF459D2E51DFC900FAF67F /* XCLocalSwiftPackageReference "Common" */ = {
			isa = XCLocalSwiftPackageReference;
			relativePath = Common;
		};
/* End XCLocalSwiftPackageReference section */

/* Begin XCRemoteSwiftPackageReference section */
		92CF45BB2E51F6E900FAF67F /* XCRemoteSwiftPackageReference "Swinject" */ = {
			isa = XCRemoteSwiftPackageReference;
			repositoryURL = "https://github.com/Swinject/Swinject.git";
			requirement = {
				kind = upToNextMajorVersion;
				minimumVersion = 2.9.1;
			};
		};
/* End XCRemoteSwiftPackageReference section */

/* Begin XCSwiftPackageProductDependency section */
		92CF457F2E51CC6100FAF67F /* Common */ = {
			isa = XCSwiftPackageProductDependency;
			productName = Common;
		};
		92CF459E2E51DFC900FAF67F /* Common */ = {
			isa = XCSwiftPackageProductDependency;
			productName = Common;
		};
		92CF45BC2E51F6E900FAF67F /* Swinject */ = {
			isa = XCSwiftPackageProductDependency;
			package = 92CF45BB2E51F6E900FAF67F /* XCRemoteSwiftPackageReference "Swinject" */;
			productName = Swinject;
		};
/* End XCSwiftPackageProductDependency section */
	};
	rootObject = 92CF452F2E4F4EA900FAF67F /* Project object */;
}
