{
  "originHash" : "c7a725966464793967fa313216b7657b2cedaaa54f1f6991edc97d994c613942",
  "pins" : [
    {
      "identity" : "swinject",
      "kind" : "remoteSourceControl",
      "location" : "https://github.com/Swinject/Swinject.git",
      "state" : {
        "revision" : "be9dbcc7b86811bc131539a20c6f9c2d3e56919f",
        "version" : "2.9.1"
      }
    }
  ],
  "version" : 3
}
